github.com/idsulik/go-collections v1.2.3 h1:hs7x1k0CoD5KiA1tO7xC5Xohi8/1RnKsOzcQ7ZI/AAc=
github.com/idsulik/go-collections v1.2.3/go.mod h1:E6UJX5muFSLup+DT5SOBbt7txFaRpimfHABr03z1ot4=
github.com/idsulik/go-collections/v3 v3.2.0 h1:ZEEcjPTijbsq+aQH2tBgFn4/73K31cE71QBBpi9iyy4=
github.com/idsulik/go-collections/v3 v3.2.0/go.mod h1:WYYJFDfc54R5rhz6F6liVfRzQaaoN6/qIsgZcu0BDyc=
